// !$*UTF8*$!
{
	archiveVersion = 1;
	classes = {
	};
	objectVersion = 51;
	objects = {

/* Begin PBXBuildFile section */
		07386A3CBD113048CDB24B88 /* Pods_sample.framework in Frameworks */ = {isa = PBXBuildFile; fileRef = 4654FB66ACF4792D47C46D04 /* Pods_sample.framework */; };
		5534FD51233A44FB00D1226A /* sdk.framework in Frameworks */ = {isa = PBXBuildFile; fileRef = 5534FD50233A44FB00D1226A /* sdk.framework */; };
		5568D3052327D56000BBE15E /* AppDelegate.swift in Sources */ = {isa = PBXBuildFile; fileRef = 5568D3042327D56000BBE15E /* AppDelegate.swift */; };
		5568D3072327D56000BBE15E /* ViewController.swift in Sources */ = {isa = PBXBuildFile; fileRef = 5568D3062327D56000BBE15E /* ViewController.swift */; };
		5568D30A2327D56000BBE15E /* Main.storyboard in Resources */ = {isa = PBXBuildFile; fileRef = 5568D3082327D56000BBE15E /* Main.storyboard */; };
		5568D30C2327D56100BBE15E /* Assets.xcassets in Resources */ = {isa = PBXBuildFile; fileRef = 5568D30B2327D56100BBE15E /* Assets.xcassets */; };
		5568D30F2327D56100BBE15E /* LaunchScreen.storyboard in Resources */ = {isa = PBXBuildFile; fileRef = 5568D30D2327D56100BBE15E /* LaunchScreen.storyboard */; };
		5568D31A2327D56100BBE15E /* sampleTests.swift in Sources */ = {isa = PBXBuildFile; fileRef = 5568D3192327D56100BBE15E /* sampleTests.swift */; };
		5568D3252327D56100BBE15E /* sampleUITests.swift in Sources */ = {isa = PBXBuildFile; fileRef = 5568D3242327D56100BBE15E /* sampleUITests.swift */; };
/* End PBXBuildFile section */

/* Begin PBXContainerItemProxy section */
		5568D3162327D56100BBE15E /* PBXContainerItemProxy */ = {
			isa = PBXContainerItemProxy;
			containerPortal = 5568D2F92327D56000BBE15E /* Project object */;
			proxyType = 1;
			remoteGlobalIDString = 5568D3002327D56000BBE15E;
			remoteInfo = sample;
		};
		5568D3212327D56100BBE15E /* PBXContainerItemProxy */ = {
			isa = PBXContainerItemProxy;
			containerPortal = 5568D2F92327D56000BBE15E /* Project object */;
			proxyType = 1;
			remoteGlobalIDString = 5568D3002327D56000BBE15E;
			remoteInfo = sample;
		};
/* End PBXContainerItemProxy section */

/* Begin PBXFileReference section */
		311F3EAF55B55232A49F13FA /* Pods-sample.release.xcconfig */ = {isa = PBXFileReference; includeInIndex = 1; lastKnownFileType = text.xcconfig; name = "Pods-sample.release.xcconfig"; path = "Target Support Files/Pods-sample/Pods-sample.release.xcconfig"; sourceTree = "<group>"; };
		4654FB66ACF4792D47C46D04 /* Pods_sample.framework */ = {isa = PBXFileReference; explicitFileType = wrapper.framework; includeInIndex = 0; path = Pods_sample.framework; sourceTree = BUILT_PRODUCTS_DIR; };
		5534FD50233A44FB00D1226A /* sdk.framework */ = {isa = PBXFileReference; explicitFileType = wrapper.framework; path = sdk.framework; sourceTree = BUILT_PRODUCTS_DIR; };
		5568D3012327D56000BBE15E /* sample.app */ = {isa = PBXFileReference; explicitFileType = wrapper.application; includeInIndex = 0; path = sample.app; sourceTree = BUILT_PRODUCTS_DIR; };
		5568D3042327D56000BBE15E /* AppDelegate.swift */ = {isa = PBXFileReference; lastKnownFileType = sourcecode.swift; path = AppDelegate.swift; sourceTree = "<group>"; };
		5568D3062327D56000BBE15E /* ViewController.swift */ = {isa = PBXFileReference; lastKnownFileType = sourcecode.swift; path = ViewController.swift; sourceTree = "<group>"; };
		5568D3092327D56000BBE15E /* Base */ = {isa = PBXFileReference; lastKnownFileType = file.storyboard; name = Base; path = Base.lproj/Main.storyboard; sourceTree = "<group>"; };
		5568D30B2327D56100BBE15E /* Assets.xcassets */ = {isa = PBXFileReference; lastKnownFileType = folder.assetcatalog; path = Assets.xcassets; sourceTree = "<group>"; };
		5568D30E2327D56100BBE15E /* Base */ = {isa = PBXFileReference; lastKnownFileType = file.storyboard; name = Base; path = Base.lproj/LaunchScreen.storyboard; sourceTree = "<group>"; };
		5568D3102327D56100BBE15E /* Info.plist */ = {isa = PBXFileReference; lastKnownFileType = text.plist.xml; path = Info.plist; sourceTree = "<group>"; };
		5568D3152327D56100BBE15E /* sampleTests.xctest */ = {isa = PBXFileReference; explicitFileType = wrapper.cfbundle; includeInIndex = 0; path = sampleTests.xctest; sourceTree = BUILT_PRODUCTS_DIR; };
		5568D3192327D56100BBE15E /* sampleTests.swift */ = {isa = PBXFileReference; lastKnownFileType = sourcecode.swift; path = sampleTests.swift; sourceTree = "<group>"; };
		5568D31B2327D56100BBE15E /* Info.plist */ = {isa = PBXFileReference; lastKnownFileType = text.plist.xml; path = Info.plist; sourceTree = "<group>"; };
		5568D3202327D56100BBE15E /* sampleUITests.xctest */ = {isa = PBXFileReference; explicitFileType = wrapper.cfbundle; includeInIndex = 0; path = sampleUITests.xctest; sourceTree = BUILT_PRODUCTS_DIR; };
		5568D3242327D56100BBE15E /* sampleUITests.swift */ = {isa = PBXFileReference; lastKnownFileType = sourcecode.swift; path = sampleUITests.swift; sourceTree = "<group>"; };
		5568D3262327D56100BBE15E /* Info.plist */ = {isa = PBXFileReference; lastKnownFileType = text.plist.xml; path = Info.plist; sourceTree = "<group>"; };
		55CCFC6D232BD02500A43645 /* sdk.framework */ = {isa = PBXFileReference; explicitFileType = wrapper.framework; path = sdk.framework; sourceTree = BUILT_PRODUCTS_DIR; };
		55CCFC6F232BD10D00A43645 /* sdk.framework */ = {isa = PBXFileReference; explicitFileType = wrapper.framework; path = sdk.framework; sourceTree = BUILT_PRODUCTS_DIR; };
		D34190328EE7D8252126DF48 /* Pods-sample.debug.xcconfig */ = {isa = PBXFileReference; includeInIndex = 1; lastKnownFileType = text.xcconfig; name = "Pods-sample.debug.xcconfig"; path = "Target Support Files/Pods-sample/Pods-sample.debug.xcconfig"; sourceTree = "<group>"; };
/* End PBXFileReference section */

/* Begin PBXFrameworksBuildPhase section */
		5568D2FE2327D56000BBE15E /* Frameworks */ = {
			isa = PBXFrameworksBuildPhase;
			buildActionMask = 2147483647;
			files = (
				5534FD51233A44FB00D1226A /* sdk.framework in Frameworks */,
				07386A3CBD113048CDB24B88 /* Pods_sample.framework in Frameworks */,
			);
			runOnlyForDeploymentPostprocessing = 0;
		};
		5568D3122327D56100BBE15E /* Frameworks */ = {
			isa = PBXFrameworksBuildPhase;
			buildActionMask = 2147483647;
			files = (
			);
			runOnlyForDeploymentPostprocessing = 0;
		};
		5568D31D2327D56100BBE15E /* Frameworks */ = {
			isa = PBXFrameworksBuildPhase;
			buildActionMask = 2147483647;
			files = (
			);
			runOnlyForDeploymentPostprocessing = 0;
		};
/* End PBXFrameworksBuildPhase section */

/* Begin PBXGroup section */
		45D66B77A950F865F52E63B5 /* Frameworks */ = {
			isa = PBXGroup;
			children = (
				5534FD50233A44FB00D1226A /* sdk.framework */,
				55CCFC6F232BD10D00A43645 /* sdk.framework */,
				55CCFC6D232BD02500A43645 /* sdk.framework */,
				4654FB66ACF4792D47C46D04 /* Pods_sample.framework */,
			);
			name = Frameworks;
			sourceTree = "<group>";
		};
		5568D2F82327D56000BBE15E = {
			isa = PBXGroup;
			children = (
				5568D3032327D56000BBE15E /* sample */,
				5568D3182327D56100BBE15E /* sampleTests */,
				5568D3232327D56100BBE15E /* sampleUITests */,
				5568D3022327D56000BBE15E /* Products */,
				BCB11841CBD84822EE3A9A70 /* Pods */,
				45D66B77A950F865F52E63B5 /* Frameworks */,
			);
			sourceTree = "<group>";
		};
		5568D3022327D56000BBE15E /* Products */ = {
			isa = PBXGroup;
			children = (
				5568D3012327D56000BBE15E /* sample.app */,
				5568D3152327D56100BBE15E /* sampleTests.xctest */,
				5568D3202327D56100BBE15E /* sampleUITests.xctest */,
			);
			name = Products;
			sourceTree = "<group>";
		};
		5568D3032327D56000BBE15E /* sample */ = {
			isa = PBXGroup;
			children = (
				5568D3042327D56000BBE15E /* AppDelegate.swift */,
				5568D3062327D56000BBE15E /* ViewController.swift */,
				5568D3082327D56000BBE15E /* Main.storyboard */,
				5568D30B2327D56100BBE15E /* Assets.xcassets */,
				5568D30D2327D56100BBE15E /* LaunchScreen.storyboard */,
				5568D3102327D56100BBE15E /* Info.plist */,
			);
			path = sample;
			sourceTree = "<group>";
		};
		5568D3182327D56100BBE15E /* sampleTests */ = {
			isa = PBXGroup;
			children = (
				5568D3192327D56100BBE15E /* sampleTests.swift */,
				5568D31B2327D56100BBE15E /* Info.plist */,
			);
			path = sampleTests;
			sourceTree = "<group>";
		};
		5568D3232327D56100BBE15E /* sampleUITests */ = {
			isa = PBXGroup;
			children = (
				5568D3242327D56100BBE15E /* sampleUITests.swift */,
				5568D3262327D56100BBE15E /* Info.plist */,
			);
			path = sampleUITests;
			sourceTree = "<group>";
		};
		BCB11841CBD84822EE3A9A70 /* Pods */ = {
			isa = PBXGroup;
			children = (
				D34190328EE7D8252126DF48 /* Pods-sample.debug.xcconfig */,
				311F3EAF55B55232A49F13FA /* Pods-sample.release.xcconfig */,
			);
			path = Pods;
			sourceTree = "<group>";
		};
/* End PBXGroup section */

/* Begin PBXNativeTarget section */
		5568D3002327D56000BBE15E /* sample */ = {
			isa = PBXNativeTarget;
			buildConfigurationList = 5568D3292327D56100BBE15E /* Build configuration list for PBXNativeTarget "sample" */;
			buildPhases = (
				98FED20A9988DEB68E125BA4 /* [CP] Check Pods Manifest.lock */,
				5568D2FD2327D56000BBE15E /* Sources */,
				5568D2FE2327D56000BBE15E /* Frameworks */,
				5568D2FF2327D56000BBE15E /* Resources */,
				F9D4A4BBA9F58043DC10DB5E /* [CP] Embed Pods Frameworks */,
			);
			buildRules = (
			);
			dependencies = (
			);
			name = sample;
			productName = sample;
			productReference = 5568D3012327D56000BBE15E /* sample.app */;
			productType = "com.apple.product-type.application";
		};
		5568D3142327D56100BBE15E /* sampleTests */ = {
			isa = PBXNativeTarget;
			buildConfigurationList = 5568D32C2327D56100BBE15E /* Build configuration list for PBXNativeTarget "sampleTests" */;
			buildPhases = (
				5568D3112327D56100BBE15E /* Sources */,
				5568D3122327D56100BBE15E /* Frameworks */,
				5568D3132327D56100BBE15E /* Resources */,
			);
			buildRules = (
			);
			dependencies = (
				5568D3172327D56100BBE15E /* PBXTargetDependency */,
			);
			name = sampleTests;
			productName = sampleTests;
			productReference = 5568D3152327D56100BBE15E /* sampleTests.xctest */;
			productType = "com.apple.product-type.bundle.unit-test";
		};
		5568D31F2327D56100BBE15E /* sampleUITests */ = {
			isa = PBXNativeTarget;
			buildConfigurationList = 5568D32F2327D56100BBE15E /* Build configuration list for PBXNativeTarget "sampleUITests" */;
			buildPhases = (
				5568D31C2327D56100BBE15E /* Sources */,
				5568D31D2327D56100BBE15E /* Frameworks */,
				5568D31E2327D56100BBE15E /* Resources */,
			);
			buildRules = (
			);
			dependencies = (
				5568D3222327D56100BBE15E /* PBXTargetDependency */,
			);
			name = sampleUITests;
			productName = sampleUITests;
			productReference = 5568D3202327D56100BBE15E /* sampleUITests.xctest */;
			productType = "com.apple.product-type.bundle.ui-testing";
		};
/* End PBXNativeTarget section */

/* Begin PBXProject section */
		5568D2F92327D56000BBE15E /* Project object */ = {
			isa = PBXProject;
			attributes = {
				LastSwiftUpdateCheck = 1020;
				LastUpgradeCheck = 1020;
				ORGANIZATIONNAME = "Yakiv Mospan";
				TargetAttributes = {
					5568D3002327D56000BBE15E = {
						CreatedOnToolsVersion = 10.2.1;
					};
					5568D3142327D56100BBE15E = {
						CreatedOnToolsVersion = 10.2.1;
						TestTargetID = 5568D3002327D56000BBE15E;
					};
					5568D31F2327D56100BBE15E = {
						CreatedOnToolsVersion = 10.2.1;
						TestTargetID = 5568D3002327D56000BBE15E;
					};
				};
			};
			buildConfigurationList = 5568D2FC2327D56000BBE15E /* Build configuration list for PBXProject "sample" */;
			compatibilityVersion = "Xcode 9.3";
			developmentRegion = en;
			hasScannedForEncodings = 0;
			knownRegions = (
				en,
				Base,
			);
			mainGroup = 5568D2F82327D56000BBE15E;
			productRefGroup = 5568D3022327D56000BBE15E /* Products */;
			projectDirPath = "";
			projectRoot = "";
			targets = (
				5568D3002327D56000BBE15E /* sample */,
				5568D3142327D56100BBE15E /* sampleTests */,
				5568D31F2327D56100BBE15E /* sampleUITests */,
			);
		};
/* End PBXProject section */

/* Begin PBXResourcesBuildPhase section */
		5568D2FF2327D56000BBE15E /* Resources */ = {
			isa = PBXResourcesBuildPhase;
			buildActionMask = 2147483647;
			files = (
				5568D30F2327D56100BBE15E /* LaunchScreen.storyboard in Resources */,
				5568D30C2327D56100BBE15E /* Assets.xcassets in Resources */,
				5568D30A2327D56000BBE15E /* Main.storyboard in Resources */,
			);
			runOnlyForDeploymentPostprocessing = 0;
		};
		5568D3132327D56100BBE15E /* Resources */ = {
			isa = PBXResourcesBuildPhase;
			buildActionMask = 2147483647;
			files = (
			);
			runOnlyForDeploymentPostprocessing = 0;
		};
		5568D31E2327D56100BBE15E /* Resources */ = {
			isa = PBXResourcesBuildPhase;
			buildActionMask = 2147483647;
			files = (
			);
			runOnlyForDeploymentPostprocessing = 0;
		};
/* End PBXResourcesBuildPhase section */

/* Begin PBXShellScriptBuildPhase section */
		98FED20A9988DEB68E125BA4 /* [CP] Check Pods Manifest.lock */ = {
			isa = PBXShellScriptBuildPhase;
			buildActionMask = 2147483647;
			files = (
			);
			inputFileListPaths = (
			);
			inputPaths = (
				"${PODS_PODFILE_DIR_PATH}/Podfile.lock",
				"${PODS_ROOT}/Manifest.lock",
			);
			name = "[CP] Check Pods Manifest.lock";
			outputFileListPaths = (
			);
			outputPaths = (
				"$(DERIVED_FILE_DIR)/Pods-sample-checkManifestLockResult.txt",
			);
			runOnlyForDeploymentPostprocessing = 0;
			shellPath = /bin/sh;
			shellScript = "diff \"${PODS_PODFILE_DIR_PATH}/Podfile.lock\" \"${PODS_ROOT}/Manifest.lock\" > /dev/null\nif [ $? != 0 ] ; then\n    # print error to STDERR\n    echo \"error: The sandbox is not in sync with the Podfile.lock. Run 'pod install' or update your CocoaPods installation.\" >&2\n    exit 1\nfi\n# This output is used by Xcode 'outputs' to avoid re-running this script phase.\necho \"SUCCESS\" > \"${SCRIPT_OUTPUT_FILE_0}\"\n";
			showEnvVarsInLog = 0;
		};
		F9D4A4BBA9F58043DC10DB5E /* [CP] Embed Pods Frameworks */ = {
			isa = PBXShellScriptBuildPhase;
			buildActionMask = 2147483647;
			files = (
			);
			inputFileListPaths = (
				"${PODS_ROOT}/Target Support Files/Pods-sample/Pods-sample-frameworks-${CONFIGURATION}-input-files.xcfilelist",
			);
			name = "[CP] Embed Pods Frameworks";
			outputFileListPaths = (
				"${PODS_ROOT}/Target Support Files/Pods-sample/Pods-sample-frameworks-${CONFIGURATION}-output-files.xcfilelist",
			);
			runOnlyForDeploymentPostprocessing = 0;
			shellPath = /bin/sh;
			shellScript = "\"${PODS_ROOT}/Target Support Files/Pods-sample/Pods-sample-frameworks.sh\"\n";
			showEnvVarsInLog = 0;
		};
/* End PBXShellScriptBuildPhase section */

/* Begin PBXSourcesBuildPhase section */
		5568D2FD2327D56000BBE15E /* Sources */ = {
			isa = PBXSourcesBuildPhase;
			buildActionMask = 2147483647;
			files = (
				5568D3072327D56000BBE15E /* ViewController.swift in Sources */,
				5568D3052327D56000BBE15E /* AppDelegate.swift in Sources */,
			);
			runOnlyForDeploymentPostprocessing = 0;
		};
		5568D3112327D56100BBE15E /* Sources */ = {
			isa = PBXSourcesBuildPhase;
			buildActionMask = 2147483647;
			files = (
				5568D31A2327D56100BBE15E /* sampleTests.swift in Sources */,
			);
			runOnlyForDeploymentPostprocessing = 0;
		};
		5568D31C2327D56100BBE15E /* Sources */ = {
			isa = PBXSourcesBuildPhase;
			buildActionMask = 2147483647;
			files = (
				5568D3252327D56100BBE15E /* sampleUITests.swift in Sources */,
			);
			runOnlyForDeploymentPostprocessing = 0;
		};
/* End PBXSourcesBuildPhase section */

/* Begin PBXTargetDependency section */
		5568D3172327D56100BBE15E /* PBXTargetDependency */ = {
			isa = PBXTargetDependency;
			target = 5568D3002327D56000BBE15E /* sample */;
			targetProxy = 5568D3162327D56100BBE15E /* PBXContainerItemProxy */;
		};
		5568D3222327D56100BBE15E /* PBXTargetDependency */ = {
			isa = PBXTargetDependency;
			target = 5568D3002327D56000BBE15E /* sample */;
			targetProxy = 5568D3212327D56100BBE15E /* PBXContainerItemProxy */;
		};
/* End PBXTargetDependency section */

/* Begin PBXVariantGroup section */
		5568D3082327D56000BBE15E /* Main.storyboard */ = {
			isa = PBXVariantGroup;
			children = (
				5568D3092327D56000BBE15E /* Base */,
			);
			name = Main.storyboard;
			sourceTree = "<group>";
		};
		5568D30D2327D56100BBE15E /* LaunchScreen.storyboard */ = {
			isa = PBXVariantGroup;
			children = (
				5568D30E2327D56100BBE15E /* Base */,
			);
			name = LaunchScreen.storyboard;
			sourceTree = "<group>";
		};
/* End PBXVariantGroup section */

/* Begin XCBuildConfiguration section */
		5568D3272327D56100BBE15E /* Debug */ = {
			isa = XCBuildConfiguration;
			buildSettings = {
				ALWAYS_SEARCH_USER_PATHS = NO;
				CLANG_ANALYZER_NONNULL = YES;
				CLANG_ANALYZER_NUMBER_OBJECT_CONVERSION = YES_AGGRESSIVE;
				CLANG_CXX_LANGUAGE_STANDARD = "gnu++14";
				CLANG_CXX_LIBRARY = "libc++";
				CLANG_ENABLE_MODULES = YES;
				CLANG_ENABLE_OBJC_ARC = YES;
				CLANG_ENABLE_OBJC_WEAK = YES;
				CLANG_WARN_BLOCK_CAPTURE_AUTORELEASING = YES;
				CLANG_WARN_BOOL_CONVERSION = YES;
				CLANG_WARN_COMMA = YES;
				CLANG_WARN_CONSTANT_CONVERSION = YES;
				CLANG_WARN_DEPRECATED_OBJC_IMPLEMENTATIONS = YES;
				CLANG_WARN_DIRECT_OBJC_ISA_USAGE = YES_ERROR;
				CLANG_WARN_DOCUMENTATION_COMMENTS = YES;
				CLANG_WARN_EMPTY_BODY = YES;
				CLANG_WARN_ENUM_CONVERSION = YES;
				CLANG_WARN_INFINITE_RECURSION = YES;
				CLANG_WARN_INT_CONVERSION = YES;
				CLANG_WARN_NON_LITERAL_NULL_CONVERSION = YES;
				CLANG_WARN_OBJC_IMPLICIT_RETAIN_SELF = YES;
				CLANG_WARN_OBJC_LITERAL_CONVERSION = YES;
				CLANG_WARN_OBJC_ROOT_CLASS = YES_ERROR;
				CLANG_WARN_RANGE_LOOP_ANALYSIS = YES;
				CLANG_WARN_STRICT_PROTOTYPES = YES;
				CLANG_WARN_SUSPICIOUS_MOVE = YES;
				CLANG_WARN_UNGUARDED_AVAILABILITY = YES_AGGRESSIVE;
				CLANG_WARN_UNREACHABLE_CODE = YES;
				CLANG_WARN__DUPLICATE_METHOD_MATCH = YES;
				CODE_SIGN_IDENTITY = "iPhone Developer";
				COPY_PHASE_STRIP = NO;
				DEBUG_INFORMATION_FORMAT = dwarf;
				ENABLE_STRICT_OBJC_MSGSEND = YES;
				ENABLE_TESTABILITY = YES;
				GCC_C_LANGUAGE_STANDARD = gnu11;
				GCC_DYNAMIC_NO_PIC = NO;
				GCC_NO_COMMON_BLOCKS = YES;
				GCC_OPTIMIZATION_LEVEL = 0;
				GCC_PREPROCESSOR_DEFINITIONS = (
					"DEBUG=1",
					"$(inherited)",
				);
				GCC_WARN_64_TO_32_BIT_CONVERSION = YES;
				GCC_WARN_ABOUT_RETURN_TYPE = YES_ERROR;
				GCC_WARN_UNDECLARED_SELECTOR = YES;
				GCC_WARN_UNINITIALIZED_AUTOS = YES_AGGRESSIVE;
				GCC_WARN_UNUSED_FUNCTION = YES;
				GCC_WARN_UNUSED_VARIABLE = YES;
				IPHONEOS_DEPLOYMENT_TARGET = 12.2;
				MTL_ENABLE_DEBUG_INFO = INCLUDE_SOURCE;
				MTL_FAST_MATH = YES;
				ONLY_ACTIVE_ARCH = YES;
				SDKROOT = iphoneos;
				SWIFT_ACTIVE_COMPILATION_CONDITIONS = DEBUG;
				SWIFT_OPTIMIZATION_LEVEL = "-Onone";
			};
			name = Debug;
		};
		5568D3282327D56100BBE15E /* Release */ = {
			isa = XCBuildConfiguration;
			buildSettings = {
				ALWAYS_SEARCH_USER_PATHS = NO;
				CLANG_ANALYZER_NONNULL = YES;
				CLANG_ANALYZER_NUMBER_OBJECT_CONVERSION = YES_AGGRESSIVE;
				CLANG_CXX_LANGUAGE_STANDARD = "gnu++14";
				CLANG_CXX_LIBRARY = "libc++";
				CLANG_ENABLE_MODULES = YES;
				CLANG_ENABLE_OBJC_ARC = YES;
				CLANG_ENABLE_OBJC_WEAK = YES;
				CLANG_WARN_BLOCK_CAPTURE_AUTORELEASING = YES;
				CLANG_WARN_BOOL_CONVERSION = YES;
				CLANG_WARN_COMMA = YES;
				CLANG_WARN_CONSTANT_CONVERSION = YES;
				CLANG_WARN_DEPRECATED_OBJC_IMPLEMENTATIONS = YES;
				CLANG_WARN_DIRECT_OBJC_ISA_USAGE = YES_ERROR;
				CLANG_WARN_DOCUMENTATION_COMMENTS = YES;
				CLANG_WARN_EMPTY_BODY = YES;
				CLANG_WARN_ENUM_CONVERSION = YES;
				CLANG_WARN_INFINITE_RECURSION = YES;
				CLANG_WARN_INT_CONVERSION = YES;
				CLANG_WARN_NON_LITERAL_NULL_CONVERSION = YES;
				CLANG_WARN_OBJC_IMPLICIT_RETAIN_SELF = YES;
				CLANG_WARN_OBJC_LITERAL_CONVERSION = YES;
				CLANG_WARN_OBJC_ROOT_CLASS = YES_ERROR;
				CLANG_WARN_RANGE_LOOP_ANALYSIS = YES;
				CLANG_WARN_STRICT_PROTOTYPES = YES;
				CLANG_WARN_SUSPICIOUS_MOVE = YES;
				CLANG_WARN_UNGUARDED_AVAILABILITY = YES_AGGRESSIVE;
				CLANG_WARN_UNREACHABLE_CODE = YES;
				CLANG_WARN__DUPLICATE_METHOD_MATCH = YES;
				CODE_SIGN_IDENTITY = "iPhone Developer";
				COPY_PHASE_STRIP = NO;
				DEBUG_INFORMATION_FORMAT = "dwarf-with-dsym";
				ENABLE_NS_ASSERTIONS = NO;
				ENABLE_STRICT_OBJC_MSGSEND = YES;
				GCC_C_LANGUAGE_STANDARD = gnu11;
				GCC_NO_COMMON_BLOCKS = YES;
				GCC_WARN_64_TO_32_BIT_CONVERSION = YES;
				GCC_WARN_ABOUT_RETURN_TYPE = YES_ERROR;
				GCC_WARN_UNDECLARED_SELECTOR = YES;
				GCC_WARN_UNINITIALIZED_AUTOS = YES_AGGRESSIVE;
				GCC_WARN_UNUSED_FUNCTION = YES;
				GCC_WARN_UNUSED_VARIABLE = YES;
				IPHONEOS_DEPLOYMENT_TARGET = 12.2;
				MTL_ENABLE_DEBUG_INFO = NO;
				MTL_FAST_MATH = YES;
				SDKROOT = iphoneos;
				SWIFT_COMPILATION_MODE = wholemodule;
				SWIFT_OPTIMIZATION_LEVEL = "-O";
				VALIDATE_PRODUCT = YES;
			};
			name = Release;
		};
		5568D32A2327D56100BBE15E /* Debug */ = {
			isa = XCBuildConfiguration;
			baseConfigurationReference = D34190328EE7D8252126DF48 /* Pods-sample.debug.xcconfig */;
			buildSettings = {
				ASSETCATALOG_COMPILER_APPICON_NAME = AppIcon;
				CODE_SIGN_STYLE = Automatic;
				INFOPLIST_FILE = sample/Info.plist;
				LD_RUNPATH_SEARCH_PATHS = (
					"$(inherited)",
					"@executable_path/Frameworks",
				);
				PRODUCT_BUNDLE_IDENTIFIER = "com.yakivmospan.worspace-setup.sample.sample";
				PRODUCT_NAME = "$(TARGET_NAME)";
				SWIFT_VERSION = 5.0;
				TARGETED_DEVICE_FAMILY = "1,2";
			};
			name = Debug;
		};
		5568D32B2327D56100BBE15E /* Release */ = {
			isa = XCBuildConfiguration;
			baseConfigurationReference = 311F3EAF55B55232A49F13FA /* Pods-sample.release.xcconfig */;
			buildSettings = {
				ASSETCATALOG_COMPILER_APPICON_NAME = AppIcon;
				CODE_SIGN_STYLE = Automatic;
				INFOPLIST_FILE = sample/Info.plist;
				LD_RUNPATH_SEARCH_PATHS = (
					"$(inherited)",
					"@executable_path/Frameworks",
				);
				PRODUCT_BUNDLE_IDENTIFIER = "com.yakivmospan.worspace-setup.sample.sample";
				PRODUCT_NAME = "$(TARGET_NAME)";
				SWIFT_VERSION = 5.0;
				TARGETED_DEVICE_FAMILY = "1,2";
			};
			name = Release;
		};
		5568D32D2327D56100BBE15E /* Debug */ = {
			isa = XCBuildConfiguration;
			buildSettings = {
				ALWAYS_EMBED_SWIFT_STANDARD_LIBRARIES = YES;
				BUNDLE_LOADER = "$(TEST_HOST)";
				CODE_SIGN_STYLE = Automatic;
				INFOPLIST_FILE = sampleTests/Info.plist;
				LD_RUNPATH_SEARCH_PATHS = (
					"$(inherited)",
					"@executable_path/Frameworks",
					"@loader_path/Frameworks",
				);
				PRODUCT_BUNDLE_IDENTIFIER = "com.yakivmospan.worspace-setup.sample.sampleTests";
				PRODUCT_NAME = "$(TARGET_NAME)";
				SWIFT_VERSION = 5.0;
				TARGETED_DEVICE_FAMILY = "1,2";
				TEST_HOST = "$(BUILT_PRODUCTS_DIR)/sample.app/sample";
			};
			name = Debug;
		};
		5568D32E2327D56100BBE15E /* Release */ = {
			isa = XCBuildConfiguration;
			buildSettings = {
				ALWAYS_EMBED_SWIFT_STANDARD_LIBRARIES = YES;
				BUNDLE_LOADER = "$(TEST_HOST)";
				CODE_SIGN_STYLE = Automatic;
				INFOPLIST_FILE = sampleTests/Info.plist;
				LD_RUNPATH_SEARCH_PATHS = (
					"$(inherited)",
					"@executable_path/Frameworks",
					"@loader_path/Frameworks",
				);
				PRODUCT_BUNDLE_IDENTIFIER = "com.yakivmospan.worspace-setup.sample.sampleTests";
				PRODUCT_NAME = "$(TARGET_NAME)";
				SWIFT_VERSION = 5.0;
				TARGETED_DEVICE_FAMILY = "1,2";
				TEST_HOST = "$(BUILT_PRODUCTS_DIR)/sample.app/sample";
			};
			name = Release;
		};
		5568D3302327D56100BBE15E /* Debug */ = {
			isa = XCBuildConfiguration;
			buildSettings = {
				ALWAYS_EMBED_SWIFT_STANDARD_LIBRARIES = YES;
				CODE_SIGN_STYLE = Automatic;
				INFOPLIST_FILE = sampleUITests/Info.plist;
				LD_RUNPATH_SEARCH_PATHS = (
					"$(inherited)",
					"@executable_path/Frameworks",
					"@loader_path/Frameworks",
				);
				PRODUCT_BUNDLE_IDENTIFIER = "com.yakivmospan.worspace-setup.sample.sampleUITests";
				PRODUCT_NAME = "$(TARGET_NAME)";
				SWIFT_VERSION = 5.0;
				TARGETED_DEVICE_FAMILY = "1,2";
				TEST_TARGET_NAME = sample;
			};
			name = Debug;
		};
		5568D3312327D56100BBE15E /* Release */ = {
			isa = XCBuildConfiguration;
			buildSettings = {
				ALWAYS_EMBED_SWIFT_STANDARD_LIBRARIES = YES;
				CODE_SIGN_STYLE = Automatic;
				INFOPLIST_FILE = sampleUITests/Info.plist;
				LD_RUNPATH_SEARCH_PATHS = (
					"$(inherited)",
					"@executable_path/Frameworks",
					"@loader_path/Frameworks",
				);
				PRODUCT_BUNDLE_IDENTIFIER = "com.yakivmospan.worspace-setup.sample.sampleUITests";
				PRODUCT_NAME = "$(TARGET_NAME)";
				SWIFT_VERSION = 5.0;
				TARGETED_DEVICE_FAMILY = "1,2";
				TEST_TARGET_NAME = sample;
			};
			name = Release;
		};
/* End XCBuildConfiguration section */

/* Begin XCConfigurationList section */
		5568D2FC2327D56000BBE15E /* Build configuration list for PBXProject "sample" */ = {
			isa = XCConfigurationList;
			buildConfigurations = (
				5568D3272327D56100BBE15E /* Debug */,
				5568D3282327D56100BBE15E /* Release */,
			);
			defaultConfigurationIsVisible = 0;
			defaultConfigurationName = Release;
		};
		5568D3292327D56100BBE15E /* Build configuration list for PBXNativeTarget "sample" */ = {
			isa = XCConfigurationList;
			buildConfigurations = (
				5568D32A2327D56100BBE15E /* Debug */,
				5568D32B2327D56100BBE15E /* Release */,
			);
			defaultConfigurationIsVisible = 0;
			defaultConfigurationName = Release;
		};
		5568D32C2327D56100BBE15E /* Build configuration list for PBXNativeTarget "sampleTests" */ = {
			isa = XCConfigurationList;
			buildConfigurations = (
				5568D32D2327D56100BBE15E /* Debug */,
				5568D32E2327D56100BBE15E /* Release */,
			);
			defaultConfigurationIsVisible = 0;
			defaultConfigurationName = Release;
		};
		5568D32F2327D56100BBE15E /* Build configuration list for PBXNativeTarget "sampleUITests" */ = {
			isa = XCConfigurationList;
			buildConfigurations = (
				5568D3302327D56100BBE15E /* Debug */,
				5568D3312327D56100BBE15E /* Release */,
			);
			defaultConfigurationIsVisible = 0;
			defaultConfigurationName = Release;
		};
/* End XCConfigurationList section */
	};
	rootObject = 5568D2F92327D56000BBE15E /* Project object */;
}
